// !$*UTF8*$!
{
	archiveVersion = 1;
	classes = {
	};
	objectVersion = 46;
	objects = {

/* Begin PBXBuildFile section */
		560E941A1D84F29C0073B846 /* applyDiff_10_10.patch in Resources */ = {isa = PBXBuildFile; fileRef = 560E94171D84ECD40073B846 /* applyDiff_10_10.patch */; };
		560E941B1D84F29C0073B846 /* applyDiff_10_11.patch in Resources */ = {isa = PBXBuildFile; fileRef = 560E94181D84ECD40073B846 /* applyDiff_10_11.patch */; };
		560E941C1D84F29C0073B846 /* applyDiff_10_12.patch in Resources */ = {isa = PBXBuildFile; fileRef = 560E94191D84ECD40073B846 /* applyDiff_10_12.patch */; };
		562A09FE1D85C1D500A98087 /* AppKit.framework in Frameworks */ = {isa = PBXBuildFile; fileRef = 562A09FD1D85C1D500A98087 /* AppKit.framework */; };
		56939B461D84BEDA003D8A05 /* AppDelegate.m in Sources */ = {isa = PBXBuildFile; fileRef = 56939B451D84BEDA003D8A05 /* AppDelegate.m */; };
		56939B491D84BEDA003D8A05 /* main.m in Sources */ = {isa = PBXBuildFile; fileRef = 56939B481D84BEDA003D8A05 /* main.m */; };
		56939B4B1D84BEDA003D8A05 /* Assets.xcassets in Resources */ = {isa = PBXBuildFile; fileRef = 56939B4A1D84BEDA003D8A05 /* Assets.xcassets */; };
		56939B4E1D84BEDA003D8A05 /* MainMenu.xib in Resources */ = {isa = PBXBuildFile; fileRef = 56939B4C1D84BEDA003D8A05 /* MainMenu.xib */; };
		56B6C6EF1D850EE4000E99E3 /* NSWindow+AccessoryView.m in Sources */ = {isa = PBXBuildFile; fileRef = 56B6C6EE1D850EE4000E99E3 /* NSWindow+AccessoryView.m */; };
		56BB4A591D84DE2100B4A7CE /* macOSLucidaGrande.icns in Resources */ = {isa = PBXBuildFile; fileRef = 56BB4A581D84DE2100B4A7CE /* macOSLucidaGrande.icns */; };
/* End PBXBuildFile section */

/* Begin PBXFileReference section */
		560E94171D84ECD40073B846 /* applyDiff_10_10.patch */ = {isa = PBXFileReference; lastKnownFileType = file; path = applyDiff_10_10.patch; sourceTree = "<group>"; };
		560E94181D84ECD40073B846 /* applyDiff_10_11.patch */ = {isa = PBXFileReference; lastKnownFileType = file; path = applyDiff_10_11.patch; sourceTree = "<group>"; };
		560E94191D84ECD40073B846 /* applyDiff_10_12.patch */ = {isa = PBXFileReference; lastKnownFileType = file; path = applyDiff_10_12.patch; sourceTree = "<group>"; };
		562A09FD1D85C1D500A98087 /* AppKit.framework */ = {isa = PBXFileReference; lastKnownFileType = wrapper.framework; name = AppKit.framework; path = System/Library/Frameworks/AppKit.framework; sourceTree = SDKROOT; };
		56939B411D84BEDA003D8A05 /* macOSLucidaGrande.app */ = {isa = PBXFileReference; explicitFileType = wrapper.application; includeInIndex = 0; path = macOSLucidaGrande.app; sourceTree = BUILT_PRODUCTS_DIR; };
		56939B441D84BEDA003D8A05 /* AppDelegate.h */ = {isa = PBXFileReference; lastKnownFileType = sourcecode.c.h; path = AppDelegate.h; sourceTree = "<group>"; };
		56939B451D84BEDA003D8A05 /* AppDelegate.m */ = {isa = PBXFileReference; lastKnownFileType = sourcecode.c.objc; path = AppDelegate.m; sourceTree = "<group>"; };
		56939B481D84BEDA003D8A05 /* main.m */ = {isa = PBXFileReference; lastKnownFileType = sourcecode.c.objc; path = main.m; sourceTree = "<group>"; };
		56939B4A1D84BEDA003D8A05 /* Assets.xcassets */ = {isa = PBXFileReference; lastKnownFileType = folder.assetcatalog; path = Assets.xcassets; sourceTree = "<group>"; };
		56939B4D1D84BEDA003D8A05 /* Base */ = {isa = PBXFileReference; lastKnownFileType = file.xib; name = Base; path = Base.lproj/MainMenu.xib; sourceTree = "<group>"; };
		56939B4F1D84BEDA003D8A05 /* Info.plist */ = {isa = PBXFileReference; lastKnownFileType = text.plist.xml; path = Info.plist; sourceTree = "<group>"; };
		56B6C6ED1D850EE4000E99E3 /* NSWindow+AccessoryView.h */ = {isa = PBXFileReference; fileEncoding = 4; lastKnownFileType = sourcecode.c.h; path = "NSWindow+AccessoryView.h"; sourceTree = "<group>"; };
		56B6C6EE1D850EE4000E99E3 /* NSWindow+AccessoryView.m */ = {isa = PBXFileReference; fileEncoding = 4; lastKnownFileType = sourcecode.c.objc; path = "NSWindow+AccessoryView.m"; sourceTree = "<group>"; };
		56BB4A581D84DE2100B4A7CE /* macOSLucidaGrande.icns */ = {isa = PBXFileReference; lastKnownFileType = image.icns; path = macOSLucidaGrande.icns; sourceTree = "<group>"; };
/* End PBXFileReference section */

/* Begin PBXFrameworksBuildPhase section */
		56939B3E1D84BEDA003D8A05 /* Frameworks */ = {
			isa = PBXFrameworksBuildPhase;
			buildActionMask = 2147483647;
			files = (
				562A09FE1D85C1D500A98087 /* AppKit.framework in Frameworks */,
			);
			runOnlyForDeploymentPostprocessing = 0;
		};
/* End PBXFrameworksBuildPhase section */

/* Begin PBXGroup section */
		562A09FC1D85C1D500A98087 /* Frameworks */ = {
			isa = PBXGroup;
			children = (
				562A09FD1D85C1D500A98087 /* AppKit.framework */,
			);
			name = Frameworks;
			sourceTree = "<group>";
		};
		56939B381D84BEDA003D8A05 = {
			isa = PBXGroup;
			children = (
				56939B431D84BEDA003D8A05 /* macOSLucidaGrande */,
				56939B421D84BEDA003D8A05 /* Products */,
				562A09FC1D85C1D500A98087 /* Frameworks */,
			);
			sourceTree = "<group>";
		};
		56939B421D84BEDA003D8A05 /* Products */ = {
			isa = PBXGroup;
			children = (
				56939B411D84BEDA003D8A05 /* macOSLucidaGrande.app */,
			);
			name = Products;
			sourceTree = "<group>";
		};
		56939B431D84BEDA003D8A05 /* macOSLucidaGrande */ = {
			isa = PBXGroup;
			children = (
				560E94171D84ECD40073B846 /* applyDiff_10_10.patch */,
				560E94181D84ECD40073B846 /* applyDiff_10_11.patch */,
				560E94191D84ECD40073B846 /* applyDiff_10_12.patch */,
				56BB4A581D84DE2100B4A7CE /* macOSLucidaGrande.icns */,
				56939B441D84BEDA003D8A05 /* AppDelegate.h */,
				56939B451D84BEDA003D8A05 /* AppDelegate.m */,
				56B6C6ED1D850EE4000E99E3 /* NSWindow+AccessoryView.h */,
				56B6C6EE1D850EE4000E99E3 /* NSWindow+AccessoryView.m */,
				56939B4A1D84BEDA003D8A05 /* Assets.xcassets */,
				56939B4C1D84BEDA003D8A05 /* MainMenu.xib */,
				56939B4F1D84BEDA003D8A05 /* Info.plist */,
				56939B471D84BEDA003D8A05 /* Supporting Files */,
			);
			path = macOSLucidaGrande;
			sourceTree = "<group>";
		};
		56939B471D84BEDA003D8A05 /* Supporting Files */ = {
			isa = PBXGroup;
			children = (
				56939B481D84BEDA003D8A05 /* main.m */,
			);
			name = "Supporting Files";
			sourceTree = "<group>";
		};
/* End PBXGroup section */

/* Begin PBXNativeTarget section */
		56939B401D84BEDA003D8A05 /* macOSLucidaGrande */ = {
			isa = PBXNativeTarget;
			buildConfigurationList = 56939B521D84BEDA003D8A05 /* Build configuration list for PBXNativeTarget "macOSLucidaGrande" */;
			buildPhases = (
				56939B3D1D84BEDA003D8A05 /* Sources */,
				56939B3E1D84BEDA003D8A05 /* Frameworks */,
				56939B3F1D84BEDA003D8A05 /* Resources */,
			);
			buildRules = (
			);
			dependencies = (
			);
			name = macOSLucidaGrande;
			productName = macOSLucidaGrande;
			productReference = 56939B411D84BEDA003D8A05 /* macOSLucidaGrande.app */;
			productType = "com.apple.product-type.application";
		};
/* End PBXNativeTarget section */

/* Begin PBXProject section */
		56939B391D84BEDA003D8A05 /* Project object */ = {
			isa = PBXProject;
			attributes = {
				LastUpgradeCheck = 0800;
				ORGANIZATIONNAME = Kay;
				TargetAttributes = {
					56939B401D84BEDA003D8A05 = {
						CreatedOnToolsVersion = 8.0;
						DevelopmentTeam = V2KAG42TP2;
						ProvisioningStyle = Automatic;
					};
				};
			};
			buildConfigurationList = 56939B3C1D84BEDA003D8A05 /* Build configuration list for PBXProject "macOSLucidaGrande" */;
			compatibilityVersion = "Xcode 3.2";
			developmentRegion = English;
			hasScannedForEncodings = 0;
			knownRegions = (
				en,
				Base,
			);
			mainGroup = 56939B381D84BEDA003D8A05;
			productRefGroup = 56939B421D84BEDA003D8A05 /* Products */;
			projectDirPath = "";
			projectRoot = "";
			targets = (
				56939B401D84BEDA003D8A05 /* macOSLucidaGrande */,
			);
		};
/* End PBXProject section */

/* Begin PBXResourcesBuildPhase section */
		56939B3F1D84BEDA003D8A05 /* Resources */ = {
			isa = PBXResourcesBuildPhase;
			buildActionMask = 2147483647;
			files = (
				560E941A1D84F29C0073B846 /* applyDiff_10_10.patch in Resources */,
				560E941B1D84F29C0073B846 /* applyDiff_10_11.patch in Resources */,
				560E941C1D84F29C0073B846 /* applyDiff_10_12.patch in Resources */,
				56939B4B1D84BEDA003D8A05 /* Assets.xcassets in Resources */,
				56939B4E1D84BEDA003D8A05 /* MainMenu.xib in Resources */,
				56BB4A591D84DE2100B4A7CE /* macOSLucidaGrande.icns in Resources */,
			);
			runOnlyForDeploymentPostprocessing = 0;
		};
/* End PBXResourcesBuildPhase section */

/* Begin PBXSourcesBuildPhase section */
		56939B3D1D84BEDA003D8A05 /* Sources */ = {
			isa = PBXSourcesBuildPhase;
			buildActionMask = 2147483647;
			files = (
				56B6C6EF1D850EE4000E99E3 /* NSWindow+AccessoryView.m in Sources */,
				56939B491D84BEDA003D8A05 /* main.m in Sources */,
				56939B461D84BEDA003D8A05 /* AppDelegate.m in Sources */,
			);
			runOnlyForDeploymentPostprocessing = 0;
		};
/* End PBXSourcesBuildPhase section */

/* Begin PBXVariantGroup section */
		56939B4C1D84BEDA003D8A05 /* MainMenu.xib */ = {
			isa = PBXVariantGroup;
			children = (
				56939B4D1D84BEDA003D8A05 /* Base */,
			);
			name = MainMenu.xib;
			sourceTree = "<group>";
		};
/* End PBXVariantGroup section */

/* Begin XCBuildConfiguration section */
		56939B501D84BEDA003D8A05 /* Debug */ = {
			isa = XCBuildConfiguration;
			buildSettings = {
				ALWAYS_SEARCH_USER_PATHS = NO;
				CLANG_ANALYZER_NONNULL = YES;
				CLANG_CXX_LANGUAGE_STANDARD = "gnu++0x";
				CLANG_CXX_LIBRARY = "libc++";
				CLANG_ENABLE_MODULES = YES;
				CLANG_ENABLE_OBJC_ARC = YES;
				CLANG_WARN_BOOL_CONVERSION = YES;
				CLANG_WARN_CONSTANT_CONVERSION = YES;
				CLANG_WARN_DIRECT_OBJC_ISA_USAGE = YES_ERROR;
				CLANG_WARN_DOCUMENTATION_COMMENTS = YES;
				CLANG_WARN_EMPTY_BODY = YES;
				CLANG_WARN_ENUM_CONVERSION = YES;
				CLANG_WARN_INFINITE_RECURSION = YES;
				CLANG_WARN_INT_CONVERSION = YES;
				CLANG_WARN_OBJC_ROOT_CLASS = YES_ERROR;
				CLANG_WARN_SUSPICIOUS_MOVES = YES;
				CLANG_WARN_UNREACHABLE_CODE = YES;
				CLANG_WARN__DUPLICATE_METHOD_MATCH = YES;
				CODE_SIGN_IDENTITY = "-";
				COPY_PHASE_STRIP = NO;
				DEBUG_INFORMATION_FORMAT = dwarf;
				ENABLE_STRICT_OBJC_MSGSEND = YES;
				ENABLE_TESTABILITY = YES;
				GCC_C_LANGUAGE_STANDARD = gnu99;
				GCC_DYNAMIC_NO_PIC = NO;
				GCC_NO_COMMON_BLOCKS = YES;
				GCC_OPTIMIZATION_LEVEL = 0;
				GCC_PREPROCESSOR_DEFINITIONS = (
					"DEBUG=1",
					"$(inherited)",
				);
				GCC_WARN_64_TO_32_BIT_CONVERSION = YES;
				GCC_WARN_ABOUT_RETURN_TYPE = YES_ERROR;
				GCC_WARN_UNDECLARED_SELECTOR = YES;
				GCC_WARN_UNINITIALIZED_AUTOS = YES_AGGRESSIVE;
				GCC_WARN_UNUSED_FUNCTION = YES;
				GCC_WARN_UNUSED_VARIABLE = YES;
				MACOSX_DEPLOYMENT_TARGET = 10.12;
				MTL_ENABLE_DEBUG_INFO = YES;
				ONLY_ACTIVE_ARCH = YES;
				SDKROOT = macosx;
			};
			name = Debug;
		};
		56939B511D84BEDA003D8A05 /* Release */ = {
			isa = XCBuildConfiguration;
			buildSettings = {
				ALWAYS_SEARCH_USER_PATHS = NO;
				CLANG_ANALYZER_NONNULL = YES;
				CLANG_CXX_LANGUAGE_STANDARD = "gnu++0x";
				CLANG_CXX_LIBRARY = "libc++";
				CLANG_ENABLE_MODULES = YES;
				CLANG_ENABLE_OBJC_ARC = YES;
				CLANG_WARN_BOOL_CONVERSION = YES;
				CLANG_WARN_CONSTANT_CONVERSION = YES;
				CLANG_WARN_DIRECT_OBJC_ISA_USAGE = YES_ERROR;
				CLANG_WARN_DOCUMENTATION_COMMENTS = YES;
				CLANG_WARN_EMPTY_BODY = YES;
				CLANG_WARN_ENUM_CONVERSION = YES;
				CLANG_WARN_INFINITE_RECURSION = YES;
				CLANG_WARN_INT_CONVERSION = YES;
				CLANG_WARN_OBJC_ROOT_CLASS = YES_ERROR;
				CLANG_WARN_SUSPICIOUS_MOVES = YES;
				CLANG_WARN_UNREACHABLE_CODE = YES;
				CLANG_WARN__DUPLICATE_METHOD_MATCH = YES;
				CODE_SIGN_IDENTITY = "-";
				COPY_PHASE_STRIP = NO;
				DEBUG_INFORMATION_FORMAT = "dwarf-with-dsym";
				ENABLE_NS_ASSERTIONS = NO;
				ENABLE_STRICT_OBJC_MSGSEND = YES;
				GCC_C_LANGUAGE_STANDARD = gnu99;
				GCC_NO_COMMON_BLOCKS = YES;
				GCC_WARN_64_TO_32_BIT_CONVERSION = YES;
				GCC_WARN_ABOUT_RETURN_TYPE = YES_ERROR;
				GCC_WARN_UNDECLARED_SELECTOR = YES;
				GCC_WARN_UNINITIALIZED_AUTOS = YES_AGGRESSIVE;
				GCC_WARN_UNUSED_FUNCTION = YES;
				GCC_WARN_UNUSED_VARIABLE = YES;
				MACOSX_DEPLOYMENT_TARGET = 10.12;
				MTL_ENABLE_DEBUG_INFO = NO;
				SDKROOT = macosx;
			};
			name = Release;
		};
		56939B531D84BEDA003D8A05 /* Debug */ = {
			isa = XCBuildConfiguration;
			buildSettings = {
				ASSETCATALOG_COMPILER_APPICON_NAME = AppIcon;
				CODE_SIGN_IDENTITY = "Mac Developer";
				COMBINE_HIDPI_IMAGES = YES;
				DEVELOPMENT_TEAM = V2KAG42TP2;
				INFOPLIST_FILE = macOSLucidaGrande/Info.plist;
				LD_RUNPATH_SEARCH_PATHS = "$(inherited) @executable_path/../Frameworks";
				MACOSX_DEPLOYMENT_TARGET = 10.10;
				MTL_ENABLE_DEBUG_INFO = NO;
				PRODUCT_BUNDLE_IDENTIFIER = com.hikay.macOSLucidaGrande;
				PRODUCT_NAME = "$(TARGET_NAME)";
			};
			name = Debug;
		};
		56939B541D84BEDA003D8A05 /* Release */ = {
			isa = XCBuildConfiguration;
			buildSettings = {
				ASSETCATALOG_COMPILER_APPICON_NAME = AppIcon;
				CODE_SIGN_IDENTITY = "Mac Developer";
				COMBINE_HIDPI_IMAGES = YES;
				DEVELOPMENT_TEAM = V2KAG42TP2;
				INFOPLIST_FILE = macOSLucidaGrande/Info.plist;
				LD_RUNPATH_SEARCH_PATHS = "$(inherited) @executable_path/../Frameworks";
				MACOSX_DEPLOYMENT_TARGET = 10.10;
				MTL_ENABLE_DEBUG_INFO = YES;
				PRODUCT_BUNDLE_IDENTIFIER = com.hikay.macOSLucidaGrande;
				PRODUCT_NAME = "$(TARGET_NAME)";
			};
			name = Release;
		};
/* End XCBuildConfiguration section */

/* Begin XCConfigurationList section */
		56939B3C1D84BEDA003D8A05 /* Build configuration list for PBXProject "macOSLucidaGrande" */ = {
			isa = XCConfigurationList;
			buildConfigurations = (
				56939B501D84BEDA003D8A05 /* Debug */,
				56939B511D84BEDA003D8A05 /* Release */,
			);
			defaultConfigurationIsVisible = 0;
			defaultConfigurationName = Release;
		};
		56939B521D84BEDA003D8A05 /* Build configuration list for PBXNativeTarget "macOSLucidaGrande" */ = {
			isa = XCConfigurationList;
			buildConfigurations = (
				56939B531D84BEDA003D8A05 /* Debug */,
				56939B541D84BEDA003D8A05 /* Release */,
			);
			defaultConfigurationIsVisible = 0;
			defaultConfigurationName = Release;
		};
/* End XCConfigurationList section */
	};
	rootObject = 56939B391D84BEDA003D8A05 /* Project object */;
}
